<?xml version="1.0" encoding="utf-8"?>
<Project ToolsVersion="4.0" xmlns="http://schemas.microsoft.com/developer/msbuild/2003">
  <ItemGroup>
    <Filter Include="gizmo">
      <UniqueIdentifier>{886b3b0e-2a37-489f-b0cf-7ab0efe1bdb1}</UniqueIdentifier>
    </Filter>
    <Filter Include="extra">
      <UniqueIdentifier>{0bceb5fb-0b9d-4b04-842b-5da21648b39d}</UniqueIdentifier>
    </Filter>
  </ItemGroup>
  <ItemGroup>
    <ClCompile Include="tiny-gizmo.cpp">
      <Filter>gizmo</Filter>
    </ClCompile>
    <ClCompile Include="example-main.cpp" />
  </ItemGroup>
  <ItemGroup>
    <ClInclude Include="util.hpp">
      <Filter>extra</Filter>
    </ClInclude>
    <ClInclude Include="gl-api.hpp">
      <Filter>extra</Filter>
    </ClInclude>
    <ClInclude Include="tiny-gizmo.hpp">
      <Filter>gizmo</Filter>
    </ClInclude>
    <ClInclude Include="teapot.h">
      <Filter>extra</Filter>
    </ClInclude>
  </ItemGroup>
</Project>